
Microsoft Visual Studio Solution File, Format Version 12.00
# Visual Studio Version 17
VisualStudioVersion = 17.3.32922.545
MinimumVisualStudioVersion = 10.0.40219.1
Project("{FAE04EC0-301F-11D3-BF4B-00C04F79EFBC}") = "proiectDaw", "proiectDaw\proiectDaw.csproj", "{98C51650-3048-4DA7-B69F-9BDA562B5022}"
EndProject
Global
	GlobalSection(SolutionConfigurationPlatforms) = preSolution
		Debug|Any CPU = Debug|Any CPU
		Release|Any CPU = Release|Any CPU
	EndGlobalSection
	GlobalSection(ProjectConfigurationPlatforms) = postSolution
		{98C51650-3048-4DA7-B69F-9BDA562B5022}.Debug|Any CPU.ActiveCfg = Debug|Any CPU
		{98C51650-3048-4DA7-B69F-9BDA562B5022}.Debug|Any CPU.Build.0 = Debug|Any CPU
		{98C51650-3048-4DA7-B69F-9BDA562B5022}.Release|Any CPU.ActiveCfg = Release|Any CPU
		{98C51650-3048-4DA7-B69F-9BDA562B5022}.Release|Any CPU.Build.0 = Release|Any CPU
	EndGlobalSection
	GlobalSection(SolutionProperties) = preSolution
		HideSolutionNode = FALSE
	EndGlobalSection
	GlobalSection(ExtensibilityGlobals) = postSolution
		SolutionGuid = {46C00E96-ECCB-4579-925C-AF835D5CB0FD}
	EndGlobalSection
EndGlobal
